Microsoft Visual Studio Solution File, Format Version 12.00
# Visual Studio Version 17
VisualStudioVersion = 17.5.2.0
MinimumVisualStudioVersion = 10.0.40219.1
Project("{2150E333-8FDC-42A3-9474-1A3956D46DE8}") = "5.Hafta Odev", "5.Hafta Odev", "{0BD001DE-13A4-298F-32C6-79C4BB02C061}"
EndProject
Project("{FAE04EC0-301F-11D3-BF4B-00C04F79EFBC}") = "OgrenciYonetimProjesi", "5.Hafta Odev\OgrenciYonetimProjesi\OgrenciYonetimProjesi.csproj", "{4E6CC310-01F1-39C5-95D2-DBECB846A228}"
EndProject
Global
	GlobalSection(SolutionConfigurationPlatforms) = preSolution
		Debug|Any CPU = Debug|Any CPU
		Release|Any CPU = Release|Any CPU
	EndGlobalSection
	GlobalSection(ProjectConfigurationPlatforms) = postSolution
		{4E6CC310-01F1-39C5-95D2-DBECB846A228}.Debug|Any CPU.ActiveCfg = Debug|Any CPU
		{4E6CC310-01F1-39C5-95D2-DBECB846A228}.Debug|Any CPU.Build.0 = Debug|Any CPU
		{4E6CC310-01F1-39C5-95D2-DBECB846A228}.Release|Any CPU.ActiveCfg = Release|Any CPU
		{4E6CC310-01F1-39C5-95D2-DBECB846A228}.Release|Any CPU.Build.0 = Release|Any CPU
	EndGlobalSection
	GlobalSection(SolutionProperties) = preSolution
		HideSolutionNode = FALSE
	EndGlobalSection
	GlobalSection(NestedProjects) = preSolution
		{4E6CC310-01F1-39C5-95D2-DBECB846A228} = {0BD001DE-13A4-298F-32C6-79C4BB02C061}
	EndGlobalSection
	GlobalSection(ExtensibilityGlobals) = postSolution
		SolutionGuid = {D676C7CE-ED3B-4E3D-A887-03833F83AEF0}
	EndGlobalSection
EndGlobal
